// !$*UTF8*$!
{
	archiveVersion = 1;
	classes = {
	};
	objectVersion = 50;
	objects = {

/* Begin PBXBuildFile section */
		2E260C7B235B96F1003E2822 /* URLSession.swift in Sources */ = {isa = PBXBuildFile; fileRef = 2E260C7A235B96F1003E2822 /* URLSession.swift */; };
		2E260C7D235B9857003E2822 /* PhotoSearchService.swift in Sources */ = {isa = PBXBuildFile; fileRef = 2E260C7C235B9857003E2822 /* PhotoSearchService.swift */; };
		2E260C7F235B99A9003E2822 /* URL.swift in Sources */ = {isa = PBXBuildFile; fileRef = 2E260C7E235B99A9003E2822 /* URL.swift */; };
		2E9B5B53235119CC001F46DC /* AppDelegate.swift in Sources */ = {isa = PBXBuildFile; fileRef = 2E9B5B52235119CC001F46DC /* AppDelegate.swift */; };
		2E9B5B55235119CC001F46DC /* SceneDelegate.swift in Sources */ = {isa = PBXBuildFile; fileRef = 2E9B5B54235119CC001F46DC /* SceneDelegate.swift */; };
		2E9B5B5C235119CD001F46DC /* Assets.xcassets in Resources */ = {isa = PBXBuildFile; fileRef = 2E9B5B5B235119CD001F46DC /* Assets.xcassets */; };
		2E9B5B6A235119CD001F46DC /* DemoProjectTests.swift in Sources */ = {isa = PBXBuildFile; fileRef = 2E9B5B69235119CD001F46DC /* DemoProjectTests.swift */; };
		2E9B5B75235119CD001F46DC /* DemoProjectUITests.swift in Sources */ = {isa = PBXBuildFile; fileRef = 2E9B5B74235119CD001F46DC /* DemoProjectUITests.swift */; };
		2EB27A722351E7260001D19F /* Main.storyboard in Resources */ = {isa = PBXBuildFile; fileRef = 2EB27A712351E7260001D19F /* Main.storyboard */; };
		2EB27A742351E7350001D19F /* LaunchScreen.storyboard in Resources */ = {isa = PBXBuildFile; fileRef = 2EB27A732351E7350001D19F /* LaunchScreen.storyboard */; };
		2EB27A7B2351EF3F0001D19F /* Constants.swift in Sources */ = {isa = PBXBuildFile; fileRef = 2EB27A7A2351EF3F0001D19F /* Constants.swift */; };
		2EB27A7E2352181E0001D19F /* PhotoListConfigurator.swift in Sources */ = {isa = PBXBuildFile; fileRef = 2EB27A7D2352181E0001D19F /* PhotoListConfigurator.swift */; };
		2EB27A81235218420001D19F /* PhotoListWireframeProtocol.swift in Sources */ = {isa = PBXBuildFile; fileRef = 2EB27A80235218420001D19F /* PhotoListWireframeProtocol.swift */; };
		2EB27A832352184D0001D19F /* PhotoListWireframe.swift in Sources */ = {isa = PBXBuildFile; fileRef = 2EB27A822352184D0001D19F /* PhotoListWireframe.swift */; };
		2EB27A86235218650001D19F /* PhotoListPresenterProtocol.swift in Sources */ = {isa = PBXBuildFile; fileRef = 2EB27A85235218650001D19F /* PhotoListPresenterProtocol.swift */; };
		2EB27A88235218700001D19F /* PhotoListPresenter.swift in Sources */ = {isa = PBXBuildFile; fileRef = 2EB27A87235218700001D19F /* PhotoListPresenter.swift */; };
		2EB27A8B2352188C0001D19F /* PhotoListViewController.swift in Sources */ = {isa = PBXBuildFile; fileRef = 2EB27A8A2352188C0001D19F /* PhotoListViewController.swift */; };
		2EB27A8D2352189D0001D19F /* PhotoListViewProtocol.swift in Sources */ = {isa = PBXBuildFile; fileRef = 2EB27A8C2352189D0001D19F /* PhotoListViewProtocol.swift */; };
		2EB27A8F235219C70001D19F /* Storyboard.swift in Sources */ = {isa = PBXBuildFile; fileRef = 2EB27A8E235219C70001D19F /* Storyboard.swift */; };
		2EB27A9423521BD10001D19F /* ThrowError.swift in Sources */ = {isa = PBXBuildFile; fileRef = 2EB27A9323521BD10001D19F /* ThrowError.swift */; };
		2EB27A98235229090001D19F /* AlertController.swift in Sources */ = {isa = PBXBuildFile; fileRef = 2EB27A97235229090001D19F /* AlertController.swift */; };
		2EB27AA023522F3A0001D19F /* WelcomeViewController.swift in Sources */ = {isa = PBXBuildFile; fileRef = 2EB27A9F23522F3A0001D19F /* WelcomeViewController.swift */; };
		2EB27AA223522F490001D19F /* WelcomeViewProtocol.swift in Sources */ = {isa = PBXBuildFile; fileRef = 2EB27AA123522F490001D19F /* WelcomeViewProtocol.swift */; };
		2EB27AA423522F5B0001D19F /* WelcomePresenterProtocol.swift in Sources */ = {isa = PBXBuildFile; fileRef = 2EB27AA323522F5B0001D19F /* WelcomePresenterProtocol.swift */; };
		2EB27AA623522F620001D19F /* WelcomePresenter.swift in Sources */ = {isa = PBXBuildFile; fileRef = 2EB27AA523522F620001D19F /* WelcomePresenter.swift */; };
		2EB27AA8235230640001D19F /* Text.swift in Sources */ = {isa = PBXBuildFile; fileRef = 2EB27AA7235230640001D19F /* Text.swift */; };
		2EB27AB123526B0B0001D19F /* WelcomeWireframeProtocol.swift in Sources */ = {isa = PBXBuildFile; fileRef = 2EB27AB023526B0B0001D19F /* WelcomeWireframeProtocol.swift */; };
		2EB27AB323526B150001D19F /* WelcomeWireframe.swift in Sources */ = {isa = PBXBuildFile; fileRef = 2EB27AB223526B150001D19F /* WelcomeWireframe.swift */; };
		2EB27AB5235271D70001D19F /* StoryboardTests.swift in Sources */ = {isa = PBXBuildFile; fileRef = 2EB27AB4235271D70001D19F /* StoryboardTests.swift */; };
		2EB27AB7235B7B160001D19F /* WelcomeConfigurator.swift in Sources */ = {isa = PBXBuildFile; fileRef = 2EB27AB6235B7B160001D19F /* WelcomeConfigurator.swift */; };
		2EB27AB9235B7D070001D19F /* MVPViewProtocol.swift in Sources */ = {isa = PBXBuildFile; fileRef = 2EB27AB8235B7D070001D19F /* MVPViewProtocol.swift */; };
		2EB27ABB235B7D6F0001D19F /* MVPViewController.swift in Sources */ = {isa = PBXBuildFile; fileRef = 2EB27ABA235B7D6F0001D19F /* MVPViewController.swift */; };
		2EB27ABD235B7DD40001D19F /* MVPPresenterProtocol.swift in Sources */ = {isa = PBXBuildFile; fileRef = 2EB27ABC235B7DD40001D19F /* MVPPresenterProtocol.swift */; };
		6E85C40FE7A689EFB9E0EB79 /* Pods_DemoProject_DemoProjectUITests.framework in Frameworks */ = {isa = PBXBuildFile; fileRef = C0FA65381E1690FA5638E7D5 /* Pods_DemoProject_DemoProjectUITests.framework */; };
		9343398964D02153B3D05022 /* Pods_DemoProjectTests.framework in Frameworks */ = {isa = PBXBuildFile; fileRef = AC03D3BDF1254E74715B8618 /* Pods_DemoProjectTests.framework */; };
		D3AF16D70F1D636100ED00CB /* Pods_DemoProject.framework in Frameworks */ = {isa = PBXBuildFile; fileRef = 454402A405134721118AFDB3 /* Pods_DemoProject.framework */; };
/* End PBXBuildFile section */

/* Begin PBXContainerItemProxy section */
		2E9B5B66235119CD001F46DC /* PBXContainerItemProxy */ = {
			isa = PBXContainerItemProxy;
			containerPortal = 2E9B5B47235119CC001F46DC /* Project object */;
			proxyType = 1;
			remoteGlobalIDString = 2E9B5B4E235119CC001F46DC;
			remoteInfo = DemoProject;
		};
		2E9B5B71235119CD001F46DC /* PBXContainerItemProxy */ = {
			isa = PBXContainerItemProxy;
			containerPortal = 2E9B5B47235119CC001F46DC /* Project object */;
			proxyType = 1;
			remoteGlobalIDString = 2E9B5B4E235119CC001F46DC;
			remoteInfo = DemoProject;
		};
/* End PBXContainerItemProxy section */

/* Begin PBXFileReference section */
		2E260C7A235B96F1003E2822 /* URLSession.swift */ = {isa = PBXFileReference; lastKnownFileType = sourcecode.swift; path = URLSession.swift; sourceTree = "<group>"; };
		2E260C7C235B9857003E2822 /* PhotoSearchService.swift */ = {isa = PBXFileReference; lastKnownFileType = sourcecode.swift; path = PhotoSearchService.swift; sourceTree = "<group>"; };
		2E260C7E235B99A9003E2822 /* URL.swift */ = {isa = PBXFileReference; lastKnownFileType = sourcecode.swift; path = URL.swift; sourceTree = "<group>"; };
		2E9B5B4F235119CC001F46DC /* DemoProject.app */ = {isa = PBXFileReference; explicitFileType = wrapper.application; includeInIndex = 0; path = DemoProject.app; sourceTree = BUILT_PRODUCTS_DIR; };
		2E9B5B52235119CC001F46DC /* AppDelegate.swift */ = {isa = PBXFileReference; lastKnownFileType = sourcecode.swift; path = AppDelegate.swift; sourceTree = "<group>"; };
		2E9B5B54235119CC001F46DC /* SceneDelegate.swift */ = {isa = PBXFileReference; lastKnownFileType = sourcecode.swift; path = SceneDelegate.swift; sourceTree = "<group>"; };
		2E9B5B5B235119CD001F46DC /* Assets.xcassets */ = {isa = PBXFileReference; lastKnownFileType = folder.assetcatalog; path = Assets.xcassets; sourceTree = "<group>"; };
		2E9B5B60235119CD001F46DC /* Info.plist */ = {isa = PBXFileReference; lastKnownFileType = text.plist.xml; path = Info.plist; sourceTree = "<group>"; };
		2E9B5B65235119CD001F46DC /* DemoProjectTests.xctest */ = {isa = PBXFileReference; explicitFileType = wrapper.cfbundle; includeInIndex = 0; path = DemoProjectTests.xctest; sourceTree = BUILT_PRODUCTS_DIR; };
		2E9B5B69235119CD001F46DC /* DemoProjectTests.swift */ = {isa = PBXFileReference; lastKnownFileType = sourcecode.swift; path = DemoProjectTests.swift; sourceTree = "<group>"; };
		2E9B5B6B235119CD001F46DC /* Info.plist */ = {isa = PBXFileReference; lastKnownFileType = text.plist.xml; path = Info.plist; sourceTree = "<group>"; };
		2E9B5B70235119CD001F46DC /* DemoProjectUITests.xctest */ = {isa = PBXFileReference; explicitFileType = wrapper.cfbundle; includeInIndex = 0; path = DemoProjectUITests.xctest; sourceTree = BUILT_PRODUCTS_DIR; };
		2E9B5B74235119CD001F46DC /* DemoProjectUITests.swift */ = {isa = PBXFileReference; lastKnownFileType = sourcecode.swift; path = DemoProjectUITests.swift; sourceTree = "<group>"; };
		2E9B5B76235119CD001F46DC /* Info.plist */ = {isa = PBXFileReference; lastKnownFileType = text.plist.xml; path = Info.plist; sourceTree = "<group>"; };
		2EB27A712351E7260001D19F /* Main.storyboard */ = {isa = PBXFileReference; fileEncoding = 4; lastKnownFileType = file.storyboard; path = Main.storyboard; sourceTree = "<group>"; };
		2EB27A732351E7350001D19F /* LaunchScreen.storyboard */ = {isa = PBXFileReference; lastKnownFileType = file.storyboard; path = LaunchScreen.storyboard; sourceTree = "<group>"; };
		2EB27A7A2351EF3F0001D19F /* Constants.swift */ = {isa = PBXFileReference; lastKnownFileType = sourcecode.swift; path = Constants.swift; sourceTree = "<group>"; };
		2EB27A7D2352181E0001D19F /* PhotoListConfigurator.swift */ = {isa = PBXFileReference; lastKnownFileType = sourcecode.swift; path = PhotoListConfigurator.swift; sourceTree = "<group>"; };
		2EB27A80235218420001D19F /* PhotoListWireframeProtocol.swift */ = {isa = PBXFileReference; lastKnownFileType = sourcecode.swift; path = PhotoListWireframeProtocol.swift; sourceTree = "<group>"; };
		2EB27A822352184D0001D19F /* PhotoListWireframe.swift */ = {isa = PBXFileReference; lastKnownFileType = sourcecode.swift; path = PhotoListWireframe.swift; sourceTree = "<group>"; };
		2EB27A85235218650001D19F /* PhotoListPresenterProtocol.swift */ = {isa = PBXFileReference; lastKnownFileType = sourcecode.swift; path = PhotoListPresenterProtocol.swift; sourceTree = "<group>"; };
		2EB27A87235218700001D19F /* PhotoListPresenter.swift */ = {isa = PBXFileReference; lastKnownFileType = sourcecode.swift; path = PhotoListPresenter.swift; sourceTree = "<group>"; };
		2EB27A8A2352188C0001D19F /* PhotoListViewController.swift */ = {isa = PBXFileReference; lastKnownFileType = sourcecode.swift; path = PhotoListViewController.swift; sourceTree = "<group>"; };
		2EB27A8C2352189D0001D19F /* PhotoListViewProtocol.swift */ = {isa = PBXFileReference; lastKnownFileType = sourcecode.swift; path = PhotoListViewProtocol.swift; sourceTree = "<group>"; };
		2EB27A8E235219C70001D19F /* Storyboard.swift */ = {isa = PBXFileReference; lastKnownFileType = sourcecode.swift; path = Storyboard.swift; sourceTree = "<group>"; };
		2EB27A9323521BD10001D19F /* ThrowError.swift */ = {isa = PBXFileReference; lastKnownFileType = sourcecode.swift; path = ThrowError.swift; sourceTree = "<group>"; };
		2EB27A97235229090001D19F /* AlertController.swift */ = {isa = PBXFileReference; lastKnownFileType = sourcecode.swift; path = AlertController.swift; sourceTree = "<group>"; };
		2EB27A9F23522F3A0001D19F /* WelcomeViewController.swift */ = {isa = PBXFileReference; lastKnownFileType = sourcecode.swift; path = WelcomeViewController.swift; sourceTree = "<group>"; };
		2EB27AA123522F490001D19F /* WelcomeViewProtocol.swift */ = {isa = PBXFileReference; lastKnownFileType = sourcecode.swift; path = WelcomeViewProtocol.swift; sourceTree = "<group>"; };
		2EB27AA323522F5B0001D19F /* WelcomePresenterProtocol.swift */ = {isa = PBXFileReference; lastKnownFileType = sourcecode.swift; path = WelcomePresenterProtocol.swift; sourceTree = "<group>"; };
		2EB27AA523522F620001D19F /* WelcomePresenter.swift */ = {isa = PBXFileReference; lastKnownFileType = sourcecode.swift; path = WelcomePresenter.swift; sourceTree = "<group>"; };
		2EB27AA7235230640001D19F /* Text.swift */ = {isa = PBXFileReference; lastKnownFileType = sourcecode.swift; path = Text.swift; sourceTree = "<group>"; };
		2EB27AB023526B0B0001D19F /* WelcomeWireframeProtocol.swift */ = {isa = PBXFileReference; lastKnownFileType = sourcecode.swift; path = WelcomeWireframeProtocol.swift; sourceTree = "<group>"; };
		2EB27AB223526B150001D19F /* WelcomeWireframe.swift */ = {isa = PBXFileReference; lastKnownFileType = sourcecode.swift; path = WelcomeWireframe.swift; sourceTree = "<group>"; };
		2EB27AB4235271D70001D19F /* StoryboardTests.swift */ = {isa = PBXFileReference; lastKnownFileType = sourcecode.swift; path = StoryboardTests.swift; sourceTree = "<group>"; };
		2EB27AB6235B7B160001D19F /* WelcomeConfigurator.swift */ = {isa = PBXFileReference; lastKnownFileType = sourcecode.swift; path = WelcomeConfigurator.swift; sourceTree = "<group>"; };
		2EB27AB8235B7D070001D19F /* MVPViewProtocol.swift */ = {isa = PBXFileReference; lastKnownFileType = sourcecode.swift; path = MVPViewProtocol.swift; sourceTree = "<group>"; };
		2EB27ABA235B7D6F0001D19F /* MVPViewController.swift */ = {isa = PBXFileReference; lastKnownFileType = sourcecode.swift; path = MVPViewController.swift; sourceTree = "<group>"; };
		2EB27ABC235B7DD40001D19F /* MVPPresenterProtocol.swift */ = {isa = PBXFileReference; lastKnownFileType = sourcecode.swift; path = MVPPresenterProtocol.swift; sourceTree = "<group>"; };
		3C506AE1710BD24E27290E4F /* Pods-DemoProject.debug.xcconfig */ = {isa = PBXFileReference; includeInIndex = 1; lastKnownFileType = text.xcconfig; name = "Pods-DemoProject.debug.xcconfig"; path = "Target Support Files/Pods-DemoProject/Pods-DemoProject.debug.xcconfig"; sourceTree = "<group>"; };
		454402A405134721118AFDB3 /* Pods_DemoProject.framework */ = {isa = PBXFileReference; explicitFileType = wrapper.framework; includeInIndex = 0; path = Pods_DemoProject.framework; sourceTree = BUILT_PRODUCTS_DIR; };
		5BF9D264DAFD168822A4687E /* Pods-DemoProject.release.xcconfig */ = {isa = PBXFileReference; includeInIndex = 1; lastKnownFileType = text.xcconfig; name = "Pods-DemoProject.release.xcconfig"; path = "Target Support Files/Pods-DemoProject/Pods-DemoProject.release.xcconfig"; sourceTree = "<group>"; };
		65022388216141AC3399DB6A /* Pods-DemoProjectTests.debug.xcconfig */ = {isa = PBXFileReference; includeInIndex = 1; lastKnownFileType = text.xcconfig; name = "Pods-DemoProjectTests.debug.xcconfig"; path = "Target Support Files/Pods-DemoProjectTests/Pods-DemoProjectTests.debug.xcconfig"; sourceTree = "<group>"; };
		75B67330A13C80887F08E6E1 /* Pods-DemoProject-DemoProjectUITests.release.xcconfig */ = {isa = PBXFileReference; includeInIndex = 1; lastKnownFileType = text.xcconfig; name = "Pods-DemoProject-DemoProjectUITests.release.xcconfig"; path = "Target Support Files/Pods-DemoProject-DemoProjectUITests/Pods-DemoProject-DemoProjectUITests.release.xcconfig"; sourceTree = "<group>"; };
		AC03D3BDF1254E74715B8618 /* Pods_DemoProjectTests.framework */ = {isa = PBXFileReference; explicitFileType = wrapper.framework; includeInIndex = 0; path = Pods_DemoProjectTests.framework; sourceTree = BUILT_PRODUCTS_DIR; };
		C0FA65381E1690FA5638E7D5 /* Pods_DemoProject_DemoProjectUITests.framework */ = {isa = PBXFileReference; explicitFileType = wrapper.framework; includeInIndex = 0; path = Pods_DemoProject_DemoProjectUITests.framework; sourceTree = BUILT_PRODUCTS_DIR; };
		CAA8C140CA9DA36B6E8CB72E /* Pods-DemoProjectTests.release.xcconfig */ = {isa = PBXFileReference; includeInIndex = 1; lastKnownFileType = text.xcconfig; name = "Pods-DemoProjectTests.release.xcconfig"; path = "Target Support Files/Pods-DemoProjectTests/Pods-DemoProjectTests.release.xcconfig"; sourceTree = "<group>"; };
		DE1A5602AB7BB1BCEB9C3181 /* Pods-DemoProject-DemoProjectUITests.debug.xcconfig */ = {isa = PBXFileReference; includeInIndex = 1; lastKnownFileType = text.xcconfig; name = "Pods-DemoProject-DemoProjectUITests.debug.xcconfig"; path = "Target Support Files/Pods-DemoProject-DemoProjectUITests/Pods-DemoProject-DemoProjectUITests.debug.xcconfig"; sourceTree = "<group>"; };
/* End PBXFileReference section */

/* Begin PBXFrameworksBuildPhase section */
		2E9B5B4C235119CC001F46DC /* Frameworks */ = {
			isa = PBXFrameworksBuildPhase;
			buildActionMask = 2147483647;
			files = (
				D3AF16D70F1D636100ED00CB /* Pods_DemoProject.framework in Frameworks */,
			);
			runOnlyForDeploymentPostprocessing = 0;
		};
		2E9B5B62235119CD001F46DC /* Frameworks */ = {
			isa = PBXFrameworksBuildPhase;
			buildActionMask = 2147483647;
			files = (
				9343398964D02153B3D05022 /* Pods_DemoProjectTests.framework in Frameworks */,
			);
			runOnlyForDeploymentPostprocessing = 0;
		};
		2E9B5B6D235119CD001F46DC /* Frameworks */ = {
			isa = PBXFrameworksBuildPhase;
			buildActionMask = 2147483647;
			files = (
				6E85C40FE7A689EFB9E0EB79 /* Pods_DemoProject_DemoProjectUITests.framework in Frameworks */,
			);
			runOnlyForDeploymentPostprocessing = 0;
		};
/* End PBXFrameworksBuildPhase section */

/* Begin PBXGroup section */
		2E260C79235B9697003E2822 /* Extensions */ = {
			isa = PBXGroup;
			children = (
				2E260C7A235B96F1003E2822 /* URLSession.swift */,
				2E260C7E235B99A9003E2822 /* URL.swift */,
			);
			path = Extensions;
			sourceTree = "<group>";
		};
		2E9B5B46235119CC001F46DC = {
			isa = PBXGroup;
			children = (
				2E9B5B51235119CC001F46DC /* DemoProject */,
				2E9B5B68235119CD001F46DC /* DemoProjectTests */,
				2E9B5B73235119CD001F46DC /* DemoProjectUITests */,
				2E9B5B50235119CC001F46DC /* Products */,
				9D2BAB563B5327E16C4CF427 /* Pods */,
				A201BFAF48295C408F961492 /* Frameworks */,
			);
			sourceTree = "<group>";
		};
		2E9B5B50235119CC001F46DC /* Products */ = {
			isa = PBXGroup;
			children = (
				2E9B5B4F235119CC001F46DC /* DemoProject.app */,
				2E9B5B65235119CD001F46DC /* DemoProjectTests.xctest */,
				2E9B5B70235119CD001F46DC /* DemoProjectUITests.xctest */,
			);
			name = Products;
			sourceTree = "<group>";
		};
		2E9B5B51235119CC001F46DC /* DemoProject */ = {
			isa = PBXGroup;
			children = (
				2E9B5B8523511B31001F46DC /* UI */,
				2EB27A792351E9AC0001D19F /* Common */,
				2E9B5B8323511B25001F46DC /* Modules */,
				2E9B5B8223511B0F001F46DC /* Assets */,
				2E9B5B52235119CC001F46DC /* AppDelegate.swift */,
				2E9B5B54235119CC001F46DC /* SceneDelegate.swift */,
				2E9B5B60235119CD001F46DC /* Info.plist */,
			);
			path = DemoProject;
			sourceTree = "<group>";
		};
		2E9B5B68235119CD001F46DC /* DemoProjectTests */ = {
			isa = PBXGroup;
			children = (
				2E9B5B69235119CD001F46DC /* DemoProjectTests.swift */,
				2E9B5B6B235119CD001F46DC /* Info.plist */,
				2EB27AB4235271D70001D19F /* StoryboardTests.swift */,
			);
			path = DemoProjectTests;
			sourceTree = "<group>";
		};
		2E9B5B73235119CD001F46DC /* DemoProjectUITests */ = {
			isa = PBXGroup;
			children = (
				2E9B5B74235119CD001F46DC /* DemoProjectUITests.swift */,
				2E9B5B76235119CD001F46DC /* Info.plist */,
			);
			path = DemoProjectUITests;
			sourceTree = "<group>";
		};
		2E9B5B8223511B0F001F46DC /* Assets */ = {
			isa = PBXGroup;
			children = (
				2E9B5B5B235119CD001F46DC /* Assets.xcassets */,
			);
			path = Assets;
			sourceTree = "<group>";
		};
		2E9B5B8323511B25001F46DC /* Modules */ = {
			isa = PBXGroup;
			children = (
				2EB27A9923522ED50001D19F /* Welcome */,
				2EB27A7C2351EF9B0001D19F /* PhotoList */,
			);
			path = Modules;
			sourceTree = "<group>";
		};
		2E9B5B8523511B31001F46DC /* UI */ = {
			isa = PBXGroup;
			children = (
				2EB27A702351E6F80001D19F /* Storyboards */,
				2E9B5B8723511B43001F46DC /* Xibs */,
			);
			path = UI;
			sourceTree = "<group>";
		};
		2E9B5B8723511B43001F46DC /* Xibs */ = {
			isa = PBXGroup;
			children = (
			);
			path = Xibs;
			sourceTree = "<group>";
		};
		2EB27A702351E6F80001D19F /* Storyboards */ = {
			isa = PBXGroup;
			children = (
				2EB27A712351E7260001D19F /* Main.storyboard */,
				2EB27A732351E7350001D19F /* LaunchScreen.storyboard */,
			);
			path = Storyboards;
			sourceTree = "<group>";
		};
		2EB27A792351E9AC0001D19F /* Common */ = {
			isa = PBXGroup;
			children = (
				2E260C79235B9697003E2822 /* Extensions */,
				2EB27ABE235B7E680001D19F /* MVP */,
				2EB27A96235228F20001D19F /* Utilities */,
				2EB27A95235224B60001D19F /* Services */,
				2EB27A9223521BBF0001D19F /* Errors */,
				2EB27A9023521B8C0001D19F /* Constants */,
			);
			path = Common;
			sourceTree = "<group>";
		};
		2EB27A7C2351EF9B0001D19F /* PhotoList */ = {
			isa = PBXGroup;
			children = (
				2EB27A7D2352181E0001D19F /* PhotoListConfigurator.swift */,
				2EB27A7F235218240001D19F /* Wireframe */,
				2EB27A892352187A0001D19F /* View */,
				2EB27A84235218520001D19F /* Presenter */,
			);
			path = PhotoList;
			sourceTree = "<group>";
		};
		2EB27A7F235218240001D19F /* Wireframe */ = {
			isa = PBXGroup;
			children = (
				2EB27A80235218420001D19F /* PhotoListWireframeProtocol.swift */,
				2EB27A822352184D0001D19F /* PhotoListWireframe.swift */,
			);
			path = Wireframe;
			sourceTree = "<group>";
		};
		2EB27A84235218520001D19F /* Presenter */ = {
			isa = PBXGroup;
			children = (
				2EB27A85235218650001D19F /* PhotoListPresenterProtocol.swift */,
				2EB27A87235218700001D19F /* PhotoListPresenter.swift */,
			);
			path = Presenter;
			sourceTree = "<group>";
		};
		2EB27A892352187A0001D19F /* View */ = {
			isa = PBXGroup;
			children = (
				2EB27A8C2352189D0001D19F /* PhotoListViewProtocol.swift */,
				2EB27A8A2352188C0001D19F /* PhotoListViewController.swift */,
			);
			path = View;
			sourceTree = "<group>";
		};
		2EB27A9023521B8C0001D19F /* Constants */ = {
			isa = PBXGroup;
			children = (
				2EB27AA7235230640001D19F /* Text.swift */,
				2EB27A7A2351EF3F0001D19F /* Constants.swift */,
			);
			path = Constants;
			sourceTree = "<group>";
		};
		2EB27A9223521BBF0001D19F /* Errors */ = {
			isa = PBXGroup;
			children = (
				2EB27A9323521BD10001D19F /* ThrowError.swift */,
			);
			path = Errors;
			sourceTree = "<group>";
		};
		2EB27A95235224B60001D19F /* Services */ = {
			isa = PBXGroup;
			children = (
				2E260C7C235B9857003E2822 /* PhotoSearchService.swift */,
			);
			path = Services;
			sourceTree = "<group>";
		};
		2EB27A96235228F20001D19F /* Utilities */ = {
			isa = PBXGroup;
			children = (
				2EB27A8E235219C70001D19F /* Storyboard.swift */,
				2EB27A97235229090001D19F /* AlertController.swift */,
			);
			path = Utilities;
			sourceTree = "<group>";
		};
		2EB27A9923522ED50001D19F /* Welcome */ = {
			isa = PBXGroup;
			children = (
				2EB27AB6235B7B160001D19F /* WelcomeConfigurator.swift */,
				2EB27AAF23526AF90001D19F /* Wireframe */,
				2EB27A9C23522F080001D19F /* View */,
				2EB27A9D23522F0E0001D19F /* Presenter */,
			);
			path = Welcome;
			sourceTree = "<group>";
		};
		2EB27A9C23522F080001D19F /* View */ = {
			isa = PBXGroup;
			children = (
				2EB27AA123522F490001D19F /* WelcomeViewProtocol.swift */,
				2EB27A9F23522F3A0001D19F /* WelcomeViewController.swift */,
			);
			path = View;
			sourceTree = "<group>";
		};
		2EB27A9D23522F0E0001D19F /* Presenter */ = {
			isa = PBXGroup;
			children = (
				2EB27AA323522F5B0001D19F /* WelcomePresenterProtocol.swift */,
				2EB27AA523522F620001D19F /* WelcomePresenter.swift */,
			);
			path = Presenter;
			sourceTree = "<group>";
		};
		2EB27AAF23526AF90001D19F /* Wireframe */ = {
			isa = PBXGroup;
			children = (
				2EB27AB023526B0B0001D19F /* WelcomeWireframeProtocol.swift */,
				2EB27AB223526B150001D19F /* WelcomeWireframe.swift */,
			);
			path = Wireframe;
			sourceTree = "<group>";
		};
		2EB27ABE235B7E680001D19F /* MVP */ = {
			isa = PBXGroup;
			children = (
				2EB27AB8235B7D070001D19F /* MVPViewProtocol.swift */,
				2EB27ABA235B7D6F0001D19F /* MVPViewController.swift */,
				2EB27ABC235B7DD40001D19F /* MVPPresenterProtocol.swift */,
			);
			path = MVP;
			sourceTree = "<group>";
		};
		9D2BAB563B5327E16C4CF427 /* Pods */ = {
			isa = PBXGroup;
			children = (
				3C506AE1710BD24E27290E4F /* Pods-DemoProject.debug.xcconfig */,
				5BF9D264DAFD168822A4687E /* Pods-DemoProject.release.xcconfig */,
				DE1A5602AB7BB1BCEB9C3181 /* Pods-DemoProject-DemoProjectUITests.debug.xcconfig */,
				75B67330A13C80887F08E6E1 /* Pods-DemoProject-DemoProjectUITests.release.xcconfig */,
				65022388216141AC3399DB6A /* Pods-DemoProjectTests.debug.xcconfig */,
				CAA8C140CA9DA36B6E8CB72E /* Pods-DemoProjectTests.release.xcconfig */,
			);
			path = Pods;
			sourceTree = "<group>";
		};
		A201BFAF48295C408F961492 /* Frameworks */ = {
			isa = PBXGroup;
			children = (
				454402A405134721118AFDB3 /* Pods_DemoProject.framework */,
				C0FA65381E1690FA5638E7D5 /* Pods_DemoProject_DemoProjectUITests.framework */,
				AC03D3BDF1254E74715B8618 /* Pods_DemoProjectTests.framework */,
			);
			name = Frameworks;
			sourceTree = "<group>";
		};
/* End PBXGroup section */

/* Begin PBXNativeTarget section */
		2E9B5B4E235119CC001F46DC /* DemoProject */ = {
			isa = PBXNativeTarget;
			buildConfigurationList = 2E9B5B79235119CD001F46DC /* Build configuration list for PBXNativeTarget "DemoProject" */;
			buildPhases = (
				CE6EB0EB1B500AFA8544ECD3 /* [CP] Check Pods Manifest.lock */,
				2E9B5B4B235119CC001F46DC /* Sources */,
				2E9B5B4C235119CC001F46DC /* Frameworks */,
				2E9B5B4D235119CC001F46DC /* Resources */,
				2E9B5B8F2351E396001F46DC /* ShellScript */,
			);
			buildRules = (
			);
			dependencies = (
			);
			name = DemoProject;
			productName = DemoProject;
			productReference = 2E9B5B4F235119CC001F46DC /* DemoProject.app */;
			productType = "com.apple.product-type.application";
		};
		2E9B5B64235119CD001F46DC /* DemoProjectTests */ = {
			isa = PBXNativeTarget;
			buildConfigurationList = 2E9B5B7C235119CD001F46DC /* Build configuration list for PBXNativeTarget "DemoProjectTests" */;
			buildPhases = (
				596B88416EC8307F50161329 /* [CP] Check Pods Manifest.lock */,
				2E9B5B61235119CD001F46DC /* Sources */,
				2E9B5B62235119CD001F46DC /* Frameworks */,
				2E9B5B63235119CD001F46DC /* Resources */,
			);
			buildRules = (
			);
			dependencies = (
				2E9B5B67235119CD001F46DC /* PBXTargetDependency */,
			);
			name = DemoProjectTests;
			productName = DemoProjectTests;
			productReference = 2E9B5B65235119CD001F46DC /* DemoProjectTests.xctest */;
			productType = "com.apple.product-type.bundle.unit-test";
		};
		2E9B5B6F235119CD001F46DC /* DemoProjectUITests */ = {
			isa = PBXNativeTarget;
			buildConfigurationList = 2E9B5B7F235119CD001F46DC /* Build configuration list for PBXNativeTarget "DemoProjectUITests" */;
			buildPhases = (
				6EB66AE1ECA677D4072AB3C6 /* [CP] Check Pods Manifest.lock */,
				2E9B5B6C235119CD001F46DC /* Sources */,
				2E9B5B6D235119CD001F46DC /* Frameworks */,
				2E9B5B6E235119CD001F46DC /* Resources */,
			);
			buildRules = (
			);
			dependencies = (
				2E9B5B72235119CD001F46DC /* PBXTargetDependency */,
			);
			name = DemoProjectUITests;
			productName = DemoProjectUITests;
			productReference = 2E9B5B70235119CD001F46DC /* DemoProjectUITests.xctest */;
			productType = "com.apple.product-type.bundle.ui-testing";
		};
/* End PBXNativeTarget section */

/* Begin PBXProject section */
		2E9B5B47235119CC001F46DC /* Project object */ = {
			isa = PBXProject;
			attributes = {
				CLASSPREFIX = DP;
				LastSwiftUpdateCheck = 1110;
				LastUpgradeCheck = 1110;
				ORGANIZATIONNAME = Example;
				TargetAttributes = {
					2E9B5B4E235119CC001F46DC = {
						CreatedOnToolsVersion = 11.1;
					};
					2E9B5B64235119CD001F46DC = {
						CreatedOnToolsVersion = 11.1;
						TestTargetID = 2E9B5B4E235119CC001F46DC;
					};
					2E9B5B6F235119CD001F46DC = {
						CreatedOnToolsVersion = 11.1;
						TestTargetID = 2E9B5B4E235119CC001F46DC;
					};
				};
			};
			buildConfigurationList = 2E9B5B4A235119CC001F46DC /* Build configuration list for PBXProject "DemoProject" */;
			compatibilityVersion = "Xcode 9.3";
			developmentRegion = en;
			hasScannedForEncodings = 0;
			knownRegions = (
				en,
				Base,
			);
			mainGroup = 2E9B5B46235119CC001F46DC;
			productRefGroup = 2E9B5B50235119CC001F46DC /* Products */;
			projectDirPath = "";
			projectRoot = "";
			targets = (
				2E9B5B4E235119CC001F46DC /* DemoProject */,
				2E9B5B64235119CD001F46DC /* DemoProjectTests */,
				2E9B5B6F235119CD001F46DC /* DemoProjectUITests */,
			);
		};
/* End PBXProject section */

/* Begin PBXResourcesBuildPhase section */
		2E9B5B4D235119CC001F46DC /* Resources */ = {
			isa = PBXResourcesBuildPhase;
			buildActionMask = 2147483647;
			files = (
				2EB27A742351E7350001D19F /* LaunchScreen.storyboard in Resources */,
				2E9B5B5C235119CD001F46DC /* Assets.xcassets in Resources */,
				2EB27A722351E7260001D19F /* Main.storyboard in Resources */,
			);
			runOnlyForDeploymentPostprocessing = 0;
		};
		2E9B5B63235119CD001F46DC /* Resources */ = {
			isa = PBXResourcesBuildPhase;
			buildActionMask = 2147483647;
			files = (
			);
			runOnlyForDeploymentPostprocessing = 0;
		};
		2E9B5B6E235119CD001F46DC /* Resources */ = {
			isa = PBXResourcesBuildPhase;
			buildActionMask = 2147483647;
			files = (
			);
			runOnlyForDeploymentPostprocessing = 0;
		};
/* End PBXResourcesBuildPhase section */

/* Begin PBXShellScriptBuildPhase section */
		2E9B5B8F2351E396001F46DC /* ShellScript */ = {
			isa = PBXShellScriptBuildPhase;
			buildActionMask = 2147483647;
			files = (
			);
			inputFileListPaths = (
			);
			inputPaths = (
			);
			outputFileListPaths = (
			);
			outputPaths = (
			);
			runOnlyForDeploymentPostprocessing = 0;
			shellPath = /bin/sh;
			shellScript = "\"${PODS_ROOT}/SwiftLint/swiftlint\"\n";
		};
		596B88416EC8307F50161329 /* [CP] Check Pods Manifest.lock */ = {
			isa = PBXShellScriptBuildPhase;
			buildActionMask = 2147483647;
			files = (
			);
			inputFileListPaths = (
			);
			inputPaths = (
				"${PODS_PODFILE_DIR_PATH}/Podfile.lock",
				"${PODS_ROOT}/Manifest.lock",
			);
			name = "[CP] Check Pods Manifest.lock";
			outputFileListPaths = (
			);
			outputPaths = (
				"$(DERIVED_FILE_DIR)/Pods-DemoProjectTests-checkManifestLockResult.txt",
			);
			runOnlyForDeploymentPostprocessing = 0;
			shellPath = /bin/sh;
			shellScript = "diff \"${PODS_PODFILE_DIR_PATH}/Podfile.lock\" \"${PODS_ROOT}/Manifest.lock\" > /dev/null\nif [ $? != 0 ] ; then\n    # print error to STDERR\n    echo \"error: The sandbox is not in sync with the Podfile.lock. Run 'pod install' or update your CocoaPods installation.\" >&2\n    exit 1\nfi\n# This output is used by Xcode 'outputs' to avoid re-running this script phase.\necho \"SUCCESS\" > \"${SCRIPT_OUTPUT_FILE_0}\"\n";
			showEnvVarsInLog = 0;
		};
		6EB66AE1ECA677D4072AB3C6 /* [CP] Check Pods Manifest.lock */ = {
			isa = PBXShellScriptBuildPhase;
			buildActionMask = 2147483647;
			files = (
			);
			inputFileListPaths = (
			);
			inputPaths = (
				"${PODS_PODFILE_DIR_PATH}/Podfile.lock",
				"${PODS_ROOT}/Manifest.lock",
			);
			name = "[CP] Check Pods Manifest.lock";
			outputFileListPaths = (
			);
			outputPaths = (
				"$(DERIVED_FILE_DIR)/Pods-DemoProject-DemoProjectUITests-checkManifestLockResult.txt",
			);
			runOnlyForDeploymentPostprocessing = 0;
			shellPath = /bin/sh;
			shellScript = "diff \"${PODS_PODFILE_DIR_PATH}/Podfile.lock\" \"${PODS_ROOT}/Manifest.lock\" > /dev/null\nif [ $? != 0 ] ; then\n    # print error to STDERR\n    echo \"error: The sandbox is not in sync with the Podfile.lock. Run 'pod install' or update your CocoaPods installation.\" >&2\n    exit 1\nfi\n# This output is used by Xcode 'outputs' to avoid re-running this script phase.\necho \"SUCCESS\" > \"${SCRIPT_OUTPUT_FILE_0}\"\n";
			showEnvVarsInLog = 0;
		};
		CE6EB0EB1B500AFA8544ECD3 /* [CP] Check Pods Manifest.lock */ = {
			isa = PBXShellScriptBuildPhase;
			buildActionMask = 2147483647;
			files = (
			);
			inputFileListPaths = (
			);
			inputPaths = (
				"${PODS_PODFILE_DIR_PATH}/Podfile.lock",
				"${PODS_ROOT}/Manifest.lock",
			);
			name = "[CP] Check Pods Manifest.lock";
			outputFileListPaths = (
			);
			outputPaths = (
				"$(DERIVED_FILE_DIR)/Pods-DemoProject-checkManifestLockResult.txt",
			);
			runOnlyForDeploymentPostprocessing = 0;
			shellPath = /bin/sh;
			shellScript = "diff \"${PODS_PODFILE_DIR_PATH}/Podfile.lock\" \"${PODS_ROOT}/Manifest.lock\" > /dev/null\nif [ $? != 0 ] ; then\n    # print error to STDERR\n    echo \"error: The sandbox is not in sync with the Podfile.lock. Run 'pod install' or update your CocoaPods installation.\" >&2\n    exit 1\nfi\n# This output is used by Xcode 'outputs' to avoid re-running this script phase.\necho \"SUCCESS\" > \"${SCRIPT_OUTPUT_FILE_0}\"\n";
			showEnvVarsInLog = 0;
		};
/* End PBXShellScriptBuildPhase section */

/* Begin PBXSourcesBuildPhase section */
		2E9B5B4B235119CC001F46DC /* Sources */ = {
			isa = PBXSourcesBuildPhase;
			buildActionMask = 2147483647;
			files = (
				2E9B5B53235119CC001F46DC /* AppDelegate.swift in Sources */,
				2EB27AA623522F620001D19F /* WelcomePresenter.swift in Sources */,
				2EB27A8F235219C70001D19F /* Storyboard.swift in Sources */,
				2EB27A88235218700001D19F /* PhotoListPresenter.swift in Sources */,
				2E9B5B55235119CC001F46DC /* SceneDelegate.swift in Sources */,
				2EB27A9423521BD10001D19F /* ThrowError.swift in Sources */,
				2EB27ABD235B7DD40001D19F /* MVPPresenterProtocol.swift in Sources */,
				2EB27AA8235230640001D19F /* Text.swift in Sources */,
				2EB27A8D2352189D0001D19F /* PhotoListViewProtocol.swift in Sources */,
				2EB27AA023522F3A0001D19F /* WelcomeViewController.swift in Sources */,
				2EB27AB9235B7D070001D19F /* MVPViewProtocol.swift in Sources */,
				2E260C7F235B99A9003E2822 /* URL.swift in Sources */,
				2EB27A7B2351EF3F0001D19F /* Constants.swift in Sources */,
				2EB27A7E2352181E0001D19F /* PhotoListConfigurator.swift in Sources */,
				2EB27A8B2352188C0001D19F /* PhotoListViewController.swift in Sources */,
				2EB27A81235218420001D19F /* PhotoListWireframeProtocol.swift in Sources */,
				2EB27AB123526B0B0001D19F /* WelcomeWireframeProtocol.swift in Sources */,
				2EB27AB323526B150001D19F /* WelcomeWireframe.swift in Sources */,
				2E260C7B235B96F1003E2822 /* URLSession.swift in Sources */,
				2EB27A86235218650001D19F /* PhotoListPresenterProtocol.swift in Sources */,
				2EB27A98235229090001D19F /* AlertController.swift in Sources */,
				2EB27AA423522F5B0001D19F /* WelcomePresenterProtocol.swift in Sources */,
				2EB27ABB235B7D6F0001D19F /* MVPViewController.swift in Sources */,
				2E260C7D235B9857003E2822 /* PhotoSearchService.swift in Sources */,
				2EB27AA223522F490001D19F /* WelcomeViewProtocol.swift in Sources */,
				2EB27A832352184D0001D19F /* PhotoListWireframe.swift in Sources */,
				2EB27AB7235B7B160001D19F /* WelcomeConfigurator.swift in Sources */,
			);
			runOnlyForDeploymentPostprocessing = 0;
		};
		2E9B5B61235119CD001F46DC /* Sources */ = {
			isa = PBXSourcesBuildPhase;
			buildActionMask = 2147483647;
			files = (
				2EB27AB5235271D70001D19F /* StoryboardTests.swift in Sources */,
				2E9B5B6A235119CD001F46DC /* DemoProjectTests.swift in Sources */,
			);
			runOnlyForDeploymentPostprocessing = 0;
		};
		2E9B5B6C235119CD001F46DC /* Sources */ = {
			isa = PBXSourcesBuildPhase;
			buildActionMask = 2147483647;
			files = (
				2E9B5B75235119CD001F46DC /* DemoProjectUITests.swift in Sources */,
			);
			runOnlyForDeploymentPostprocessing = 0;
		};
/* End PBXSourcesBuildPhase section */

/* Begin PBXTargetDependency section */
		2E9B5B67235119CD001F46DC /* PBXTargetDependency */ = {
			isa = PBXTargetDependency;
			target = 2E9B5B4E235119CC001F46DC /* DemoProject */;
			targetProxy = 2E9B5B66235119CD001F46DC /* PBXContainerItemProxy */;
		};
		2E9B5B72235119CD001F46DC /* PBXTargetDependency */ = {
			isa = PBXTargetDependency;
			target = 2E9B5B4E235119CC001F46DC /* DemoProject */;
			targetProxy = 2E9B5B71235119CD001F46DC /* PBXContainerItemProxy */;
		};
/* End PBXTargetDependency section */

/* Begin XCBuildConfiguration section */
		2E9B5B77235119CD001F46DC /* Debug */ = {
			isa = XCBuildConfiguration;
			buildSettings = {
				ALWAYS_SEARCH_USER_PATHS = NO;
				CLANG_ANALYZER_NONNULL = YES;
				CLANG_ANALYZER_NUMBER_OBJECT_CONVERSION = YES_AGGRESSIVE;
				CLANG_CXX_LANGUAGE_STANDARD = "gnu++14";
				CLANG_CXX_LIBRARY = "libc++";
				CLANG_ENABLE_MODULES = YES;
				CLANG_ENABLE_OBJC_ARC = YES;
				CLANG_ENABLE_OBJC_WEAK = YES;
				CLANG_WARN_BLOCK_CAPTURE_AUTORELEASING = YES;
				CLANG_WARN_BOOL_CONVERSION = YES;
				CLANG_WARN_COMMA = YES;
				CLANG_WARN_CONSTANT_CONVERSION = YES;
				CLANG_WARN_DEPRECATED_OBJC_IMPLEMENTATIONS = YES;
				CLANG_WARN_DIRECT_OBJC_ISA_USAGE = YES_ERROR;
				CLANG_WARN_DOCUMENTATION_COMMENTS = YES;
				CLANG_WARN_EMPTY_BODY = YES;
				CLANG_WARN_ENUM_CONVERSION = YES;
				CLANG_WARN_INFINITE_RECURSION = YES;
				CLANG_WARN_INT_CONVERSION = YES;
				CLANG_WARN_NON_LITERAL_NULL_CONVERSION = YES;
				CLANG_WARN_OBJC_IMPLICIT_RETAIN_SELF = YES;
				CLANG_WARN_OBJC_LITERAL_CONVERSION = YES;
				CLANG_WARN_OBJC_ROOT_CLASS = YES_ERROR;
				CLANG_WARN_RANGE_LOOP_ANALYSIS = YES;
				CLANG_WARN_STRICT_PROTOTYPES = YES;
				CLANG_WARN_SUSPICIOUS_MOVE = YES;
				CLANG_WARN_UNGUARDED_AVAILABILITY = YES_AGGRESSIVE;
				CLANG_WARN_UNREACHABLE_CODE = YES;
				CLANG_WARN__DUPLICATE_METHOD_MATCH = YES;
				COPY_PHASE_STRIP = NO;
				DEBUG_INFORMATION_FORMAT = dwarf;
				ENABLE_STRICT_OBJC_MSGSEND = YES;
				ENABLE_TESTABILITY = YES;
				GCC_C_LANGUAGE_STANDARD = gnu11;
				GCC_DYNAMIC_NO_PIC = NO;
				GCC_NO_COMMON_BLOCKS = YES;
				GCC_OPTIMIZATION_LEVEL = 0;
				GCC_PREPROCESSOR_DEFINITIONS = (
					"DEBUG=1",
					"$(inherited)",
				);
				GCC_WARN_64_TO_32_BIT_CONVERSION = YES;
				GCC_WARN_ABOUT_RETURN_TYPE = YES_ERROR;
				GCC_WARN_UNDECLARED_SELECTOR = YES;
				GCC_WARN_UNINITIALIZED_AUTOS = YES_AGGRESSIVE;
				GCC_WARN_UNUSED_FUNCTION = YES;
				GCC_WARN_UNUSED_VARIABLE = YES;
				IPHONEOS_DEPLOYMENT_TARGET = 13.1;
				MTL_ENABLE_DEBUG_INFO = INCLUDE_SOURCE;
				MTL_FAST_MATH = YES;
				ONLY_ACTIVE_ARCH = YES;
				SDKROOT = iphoneos;
				SWIFT_ACTIVE_COMPILATION_CONDITIONS = DEBUG;
				SWIFT_OPTIMIZATION_LEVEL = "-Onone";
			};
			name = Debug;
		};
		2E9B5B78235119CD001F46DC /* Release */ = {
			isa = XCBuildConfiguration;
			buildSettings = {
				ALWAYS_SEARCH_USER_PATHS = NO;
				CLANG_ANALYZER_NONNULL = YES;
				CLANG_ANALYZER_NUMBER_OBJECT_CONVERSION = YES_AGGRESSIVE;
				CLANG_CXX_LANGUAGE_STANDARD = "gnu++14";
				CLANG_CXX_LIBRARY = "libc++";
				CLANG_ENABLE_MODULES = YES;
				CLANG_ENABLE_OBJC_ARC = YES;
				CLANG_ENABLE_OBJC_WEAK = YES;
				CLANG_WARN_BLOCK_CAPTURE_AUTORELEASING = YES;
				CLANG_WARN_BOOL_CONVERSION = YES;
				CLANG_WARN_COMMA = YES;
				CLANG_WARN_CONSTANT_CONVERSION = YES;
				CLANG_WARN_DEPRECATED_OBJC_IMPLEMENTATIONS = YES;
				CLANG_WARN_DIRECT_OBJC_ISA_USAGE = YES_ERROR;
				CLANG_WARN_DOCUMENTATION_COMMENTS = YES;
				CLANG_WARN_EMPTY_BODY = YES;
				CLANG_WARN_ENUM_CONVERSION = YES;
				CLANG_WARN_INFINITE_RECURSION = YES;
				CLANG_WARN_INT_CONVERSION = YES;
				CLANG_WARN_NON_LITERAL_NULL_CONVERSION = YES;
				CLANG_WARN_OBJC_IMPLICIT_RETAIN_SELF = YES;
				CLANG_WARN_OBJC_LITERAL_CONVERSION = YES;
				CLANG_WARN_OBJC_ROOT_CLASS = YES_ERROR;
				CLANG_WARN_RANGE_LOOP_ANALYSIS = YES;
				CLANG_WARN_STRICT_PROTOTYPES = YES;
				CLANG_WARN_SUSPICIOUS_MOVE = YES;
				CLANG_WARN_UNGUARDED_AVAILABILITY = YES_AGGRESSIVE;
				CLANG_WARN_UNREACHABLE_CODE = YES;
				CLANG_WARN__DUPLICATE_METHOD_MATCH = YES;
				COPY_PHASE_STRIP = NO;
				DEBUG_INFORMATION_FORMAT = "dwarf-with-dsym";
				ENABLE_NS_ASSERTIONS = NO;
				ENABLE_STRICT_OBJC_MSGSEND = YES;
				GCC_C_LANGUAGE_STANDARD = gnu11;
				GCC_NO_COMMON_BLOCKS = YES;
				GCC_WARN_64_TO_32_BIT_CONVERSION = YES;
				GCC_WARN_ABOUT_RETURN_TYPE = YES_ERROR;
				GCC_WARN_UNDECLARED_SELECTOR = YES;
				GCC_WARN_UNINITIALIZED_AUTOS = YES_AGGRESSIVE;
				GCC_WARN_UNUSED_FUNCTION = YES;
				GCC_WARN_UNUSED_VARIABLE = YES;
				IPHONEOS_DEPLOYMENT_TARGET = 13.1;
				MTL_ENABLE_DEBUG_INFO = NO;
				MTL_FAST_MATH = YES;
				SDKROOT = iphoneos;
				SWIFT_COMPILATION_MODE = wholemodule;
				SWIFT_OPTIMIZATION_LEVEL = "-O";
				VALIDATE_PRODUCT = YES;
			};
			name = Release;
		};
		2E9B5B7A235119CD001F46DC /* Debug */ = {
			isa = XCBuildConfiguration;
			baseConfigurationReference = 3C506AE1710BD24E27290E4F /* Pods-DemoProject.debug.xcconfig */;
			buildSettings = {
				ASSETCATALOG_COMPILER_APPICON_NAME = AppIcon;
				CODE_SIGN_STYLE = Automatic;
				INFOPLIST_FILE = DemoProject/Info.plist;
				LD_RUNPATH_SEARCH_PATHS = (
					"$(inherited)",
					"@executable_path/Frameworks",
				);
				PRODUCT_BUNDLE_IDENTIFIER = com.example.DemoProject;
				PRODUCT_NAME = "$(TARGET_NAME)";
				SWIFT_VERSION = 5.0;
				TARGETED_DEVICE_FAMILY = 1;
			};
			name = Debug;
		};
		2E9B5B7B235119CD001F46DC /* Release */ = {
			isa = XCBuildConfiguration;
			baseConfigurationReference = 5BF9D264DAFD168822A4687E /* Pods-DemoProject.release.xcconfig */;
			buildSettings = {
				ASSETCATALOG_COMPILER_APPICON_NAME = AppIcon;
				CODE_SIGN_STYLE = Automatic;
				INFOPLIST_FILE = DemoProject/Info.plist;
				LD_RUNPATH_SEARCH_PATHS = (
					"$(inherited)",
					"@executable_path/Frameworks",
				);
				PRODUCT_BUNDLE_IDENTIFIER = com.example.DemoProject;
				PRODUCT_NAME = "$(TARGET_NAME)";
				SWIFT_VERSION = 5.0;
				TARGETED_DEVICE_FAMILY = 1;
			};
			name = Release;
		};
		2E9B5B7D235119CD001F46DC /* Debug */ = {
			isa = XCBuildConfiguration;
			baseConfigurationReference = 65022388216141AC3399DB6A /* Pods-DemoProjectTests.debug.xcconfig */;
			buildSettings = {
				ALWAYS_EMBED_SWIFT_STANDARD_LIBRARIES = YES;
				BUNDLE_LOADER = "$(TEST_HOST)";
				CODE_SIGN_STYLE = Automatic;
				INFOPLIST_FILE = DemoProjectTests/Info.plist;
				IPHONEOS_DEPLOYMENT_TARGET = 13.1;
				LD_RUNPATH_SEARCH_PATHS = (
					"$(inherited)",
					"@executable_path/Frameworks",
					"@loader_path/Frameworks",
				);
				PRODUCT_BUNDLE_IDENTIFIER = com.example.DemoProjectTests;
				PRODUCT_NAME = "$(TARGET_NAME)";
				SWIFT_VERSION = 5.0;
				TARGETED_DEVICE_FAMILY = "1,2";
				TEST_HOST = "$(BUILT_PRODUCTS_DIR)/DemoProject.app/DemoProject";
			};
			name = Debug;
		};
		2E9B5B7E235119CD001F46DC /* Release */ = {
			isa = XCBuildConfiguration;
			baseConfigurationReference = CAA8C140CA9DA36B6E8CB72E /* Pods-DemoProjectTests.release.xcconfig */;
			buildSettings = {
				ALWAYS_EMBED_SWIFT_STANDARD_LIBRARIES = YES;
				BUNDLE_LOADER = "$(TEST_HOST)";
				CODE_SIGN_STYLE = Automatic;
				INFOPLIST_FILE = DemoProjectTests/Info.plist;
				IPHONEOS_DEPLOYMENT_TARGET = 13.1;
				LD_RUNPATH_SEARCH_PATHS = (
					"$(inherited)",
					"@executable_path/Frameworks",
					"@loader_path/Frameworks",
				);
				PRODUCT_BUNDLE_IDENTIFIER = com.example.DemoProjectTests;
				PRODUCT_NAME = "$(TARGET_NAME)";
				SWIFT_VERSION = 5.0;
				TARGETED_DEVICE_FAMILY = "1,2";
				TEST_HOST = "$(BUILT_PRODUCTS_DIR)/DemoProject.app/DemoProject";
			};
			name = Release;
		};
		2E9B5B80235119CD001F46DC /* Debug */ = {
			isa = XCBuildConfiguration;
			baseConfigurationReference = DE1A5602AB7BB1BCEB9C3181 /* Pods-DemoProject-DemoProjectUITests.debug.xcconfig */;
			buildSettings = {
				ALWAYS_EMBED_SWIFT_STANDARD_LIBRARIES = YES;
				CODE_SIGN_STYLE = Automatic;
				INFOPLIST_FILE = DemoProjectUITests/Info.plist;
				LD_RUNPATH_SEARCH_PATHS = (
					"$(inherited)",
					"@executable_path/Frameworks",
					"@loader_path/Frameworks",
				);
				PRODUCT_BUNDLE_IDENTIFIER = com.example.DemoProjectUITests;
				PRODUCT_NAME = "$(TARGET_NAME)";
				SWIFT_VERSION = 5.0;
				TARGETED_DEVICE_FAMILY = "1,2";
				TEST_TARGET_NAME = DemoProject;
			};
			name = Debug;
		};
		2E9B5B81235119CD001F46DC /* Release */ = {
			isa = XCBuildConfiguration;
			baseConfigurationReference = 75B67330A13C80887F08E6E1 /* Pods-DemoProject-DemoProjectUITests.release.xcconfig */;
			buildSettings = {
				ALWAYS_EMBED_SWIFT_STANDARD_LIBRARIES = YES;
				CODE_SIGN_STYLE = Automatic;
				INFOPLIST_FILE = DemoProjectUITests/Info.plist;
				LD_RUNPATH_SEARCH_PATHS = (
					"$(inherited)",
					"@executable_path/Frameworks",
					"@loader_path/Frameworks",
				);
				PRODUCT_BUNDLE_IDENTIFIER = com.example.DemoProjectUITests;
				PRODUCT_NAME = "$(TARGET_NAME)";
				SWIFT_VERSION = 5.0;
				TARGETED_DEVICE_FAMILY = "1,2";
				TEST_TARGET_NAME = DemoProject;
			};
			name = Release;
		};
/* End XCBuildConfiguration section */

/* Begin XCConfigurationList section */
		2E9B5B4A235119CC001F46DC /* Build configuration list for PBXProject "DemoProject" */ = {
			isa = XCConfigurationList;
			buildConfigurations = (
				2E9B5B77235119CD001F46DC /* Debug */,
				2E9B5B78235119CD001F46DC /* Release */,
			);
			defaultConfigurationIsVisible = 0;
			defaultConfigurationName = Release;
		};
		2E9B5B79235119CD001F46DC /* Build configuration list for PBXNativeTarget "DemoProject" */ = {
			isa = XCConfigurationList;
			buildConfigurations = (
				2E9B5B7A235119CD001F46DC /* Debug */,
				2E9B5B7B235119CD001F46DC /* Release */,
			);
			defaultConfigurationIsVisible = 0;
			defaultConfigurationName = Release;
		};
		2E9B5B7C235119CD001F46DC /* Build configuration list for PBXNativeTarget "DemoProjectTests" */ = {
			isa = XCConfigurationList;
			buildConfigurations = (
				2E9B5B7D235119CD001F46DC /* Debug */,
				2E9B5B7E235119CD001F46DC /* Release */,
			);
			defaultConfigurationIsVisible = 0;
			defaultConfigurationName = Release;
		};
		2E9B5B7F235119CD001F46DC /* Build configuration list for PBXNativeTarget "DemoProjectUITests" */ = {
			isa = XCConfigurationList;
			buildConfigurations = (
				2E9B5B80235119CD001F46DC /* Debug */,
				2E9B5B81235119CD001F46DC /* Release */,
			);
			defaultConfigurationIsVisible = 0;
			defaultConfigurationName = Release;
		};
/* End XCConfigurationList section */
	};
	rootObject = 2E9B5B47235119CC001F46DC /* Project object */;
}
